Microsoft Visual Studio Solution File, Format Version 12.00
# Visual Studio Version 17
VisualStudioVersion = 17.5.2.0
MinimumVisualStudioVersion = 10.0.40219.1
Project("{FAE04EC0-301F-11D3-BF4B-00C04F79EFBC}") = "TeamDynamix.Api", "TeamDynamix.Api.csproj", "{F9B6BB20-4EDC-A708-8B8B-ACB3E85C1E16}"
EndProject
Global
	GlobalSection(SolutionConfigurationPlatforms) = preSolution
		Debug|Any CPU = Debug|Any CPU
		Release|Any CPU = Release|Any CPU
	EndGlobalSection
	GlobalSection(ProjectConfigurationPlatforms) = postSolution
		{F9B6BB20-4EDC-A708-8B8B-ACB3E85C1E16}.Debug|Any CPU.ActiveCfg = Debug|Any CPU
		{F9B6BB20-4EDC-A708-8B8B-ACB3E85C1E16}.Debug|Any CPU.Build.0 = Debug|Any CPU
		{F9B6BB20-4EDC-A708-8B8B-ACB3E85C1E16}.Release|Any CPU.ActiveCfg = Release|Any CPU
		{F9B6BB20-4EDC-A708-8B8B-ACB3E85C1E16}.Release|Any CPU.Build.0 = Release|Any CPU
	EndGlobalSection
	GlobalSection(SolutionProperties) = preSolution
		HideSolutionNode = FALSE
	EndGlobalSection
	GlobalSection(ExtensibilityGlobals) = postSolution
		SolutionGuid = {251EC187-2AD1-4B38-B2F0-7A473638ACF5}
	EndGlobalSection
EndGlobal
